// !$*UTF8*$!
{
	archiveVersion = 1;
	classes = {
	};
	objectVersion = 56;
	objects = {

/* Begin PBXBuildFile section */
		16723EDC2ACAB42200F76ED2 /* Inter-Medium.ttf in Resources */ = {isa = PBXBuildFile; fileRef = 16723ED82ACAB42200F76ED2 /* Inter-Medium.ttf */; };
		16723EDD2ACAB42200F76ED2 /* Inter-Bold.ttf in Resources */ = {isa = PBXBuildFile; fileRef = 16723ED92ACAB42200F76ED2 /* Inter-Bold.ttf */; };
		16723EDE2ACAB42200F76ED2 /* Inter-Regular.ttf in Resources */ = {isa = PBXBuildFile; fileRef = 16723EDA2ACAB42200F76ED2 /* Inter-Regular.ttf */; };
		16723EDF2ACAB42200F76ED2 /* Inter-SemiBold.ttf in Resources */ = {isa = PBXBuildFile; fileRef = 16723EDB2ACAB42200F76ED2 /* Inter-SemiBold.ttf */; };
		16723EE12ACAB43E00F76ED2 /* AppFont.swift in Sources */ = {isa = PBXBuildFile; fileRef = 16723EE02ACAB43E00F76ED2 /* AppFont.swift */; };
		16723EE42ACAB6B400F76ED2 /* SnapKit in Frameworks */ = {isa = PBXBuildFile; productRef = 16723EE32ACAB6B400F76ED2 /* SnapKit */; };
		16723EE62ACAB72300F76ED2 /* AppColor.swift in Sources */ = {isa = PBXBuildFile; fileRef = 16723EE52ACAB72300F76ED2 /* AppColor.swift */; };
		16723EEB2ACAB8DA00F76ED2 /* AuthorizationBlueHeaderView.swift in Sources */ = {isa = PBXBuildFile; fileRef = 16723EEA2ACAB8DA00F76ED2 /* AuthorizationBlueHeaderView.swift */; };
		16723EED2ACABA6500F76ED2 /* Inter-ExtraBold.ttf in Resources */ = {isa = PBXBuildFile; fileRef = 16723EEC2ACABA6500F76ED2 /* Inter-ExtraBold.ttf */; };
		16723EF02ACACEA700F76ED2 /* CustomTextField.swift in Sources */ = {isa = PBXBuildFile; fileRef = 16723EEF2ACACEA700F76ED2 /* CustomTextField.swift */; };
		16723EF22ACAD21300F76ED2 /* AppImages.swift in Sources */ = {isa = PBXBuildFile; fileRef = 16723EF12ACAD21300F76ED2 /* AppImages.swift */; };
		16723EF82ACBDA6300F76ED2 /* ChooseRoleViewController.swift in Sources */ = {isa = PBXBuildFile; fileRef = 16723EF72ACBDA6200F76ED2 /* ChooseRoleViewController.swift */; };
		16723EFA2ACBDC2E00F76ED2 /* UserView.swift in Sources */ = {isa = PBXBuildFile; fileRef = 16723EF92ACBDC2E00F76ED2 /* UserView.swift */; };
		16723EFD2ACBE8BE00F76ED2 /* OrganizationView.swift in Sources */ = {isa = PBXBuildFile; fileRef = 16723EFC2ACBE8BE00F76ED2 /* OrganizationView.swift */; };
		16723EFF2ACC060700F76ED2 /* RegistrationUserViewController.swift in Sources */ = {isa = PBXBuildFile; fileRef = 16723EFE2ACC060700F76ED2 /* RegistrationUserViewController.swift */; };
		16723F032ACC6E3300F76ED2 /* RegistrationInfoModel.swift in Sources */ = {isa = PBXBuildFile; fileRef = 16723F022ACC6E3300F76ED2 /* RegistrationInfoModel.swift */; };
		168CBB262AD69F3800F8E8EC /* RegistrationTextFieldType.swift in Sources */ = {isa = PBXBuildFile; fileRef = 168CBB252AD69F3800F8E8EC /* RegistrationTextFieldType.swift */; };
		168CBB292AD6B20800F8E8EC /* TabBarController.swift in Sources */ = {isa = PBXBuildFile; fileRef = 168CBB282AD6B20800F8E8EC /* TabBarController.swift */; };
		168CBB2B2AD6B2B900F8E8EC /* HomeMainViewController.swift in Sources */ = {isa = PBXBuildFile; fileRef = 168CBB2A2AD6B2B900F8E8EC /* HomeMainViewController.swift */; };
		168CBB2D2AD6B2E300F8E8EC /* SearchViewController.swift in Sources */ = {isa = PBXBuildFile; fileRef = 168CBB2C2AD6B2E300F8E8EC /* SearchViewController.swift */; };
		168CBB2F2AD6B30F00F8E8EC /* ChatsViewController.swift in Sources */ = {isa = PBXBuildFile; fileRef = 168CBB2E2AD6B30F00F8E8EC /* ChatsViewController.swift */; };
		168CBB312AD6B34700F8E8EC /* NotificationsViewController.swift in Sources */ = {isa = PBXBuildFile; fileRef = 168CBB302AD6B34700F8E8EC /* NotificationsViewController.swift */; };
		168CBB332AD6B38500F8E8EC /* VacanciesViewController.swift in Sources */ = {isa = PBXBuildFile; fileRef = 168CBB322AD6B38500F8E8EC /* VacanciesViewController.swift */; };
		168CBB352AD6B6B400F8E8EC /* TabBarItem.swift in Sources */ = {isa = PBXBuildFile; fileRef = 168CBB342AD6B6B400F8E8EC /* TabBarItem.swift */; };
		168CBB372AD6C41900F8E8EC /* CustomTabBar.swift in Sources */ = {isa = PBXBuildFile; fileRef = 168CBB362AD6C41900F8E8EC /* CustomTabBar.swift */; };
		168FA4022ACD618E000741DE /* UserRegistrationTableViewCell.swift in Sources */ = {isa = PBXBuildFile; fileRef = 168FA4012ACD618E000741DE /* UserRegistrationTableViewCell.swift */; };
		168FA4052ACD74F8000741DE /* SkyFloatingLabelTextField in Frameworks */ = {isa = PBXBuildFile; productRef = 168FA4042ACD74F8000741DE /* SkyFloatingLabelTextField */; };
		168FA4072AD01F0C000741DE /* GifLoading.swift in Sources */ = {isa = PBXBuildFile; fileRef = 168FA4062AD01F0C000741DE /* GifLoading.swift */; };
		168FA40A2AD020CF000741DE /* DoubleRing.gif in Resources */ = {isa = PBXBuildFile; fileRef = 168FA4092AD020CF000741DE /* DoubleRing.gif */; };
		168FA40C2AD0216D000741DE /* ConfirmAccViewController.swift in Sources */ = {isa = PBXBuildFile; fileRef = 168FA40B2AD0216D000741DE /* ConfirmAccViewController.swift */; };
		168FA4102AD14C24000741DE /* RegistrationCompanyViewController.swift in Sources */ = {isa = PBXBuildFile; fileRef = 168FA40F2AD14C24000741DE /* RegistrationCompanyViewController.swift */; };
		168FA4132AD14D64000741DE /* CompanyRegistrationTableViewCell.swift in Sources */ = {isa = PBXBuildFile; fileRef = 168FA4122AD14D64000741DE /* CompanyRegistrationTableViewCell.swift */; };
		16C3BB2D2AC58C6200DCCD56 /* AppDelegate.swift in Sources */ = {isa = PBXBuildFile; fileRef = 16C3BB2C2AC58C6200DCCD56 /* AppDelegate.swift */; };
		16C3BB2F2AC58C6200DCCD56 /* SceneDelegate.swift in Sources */ = {isa = PBXBuildFile; fileRef = 16C3BB2E2AC58C6200DCCD56 /* SceneDelegate.swift */; };
		16C3BB312AC58C6200DCCD56 /* AuthorizationViewController.swift in Sources */ = {isa = PBXBuildFile; fileRef = 16C3BB302AC58C6200DCCD56 /* AuthorizationViewController.swift */; };
		16C3BB372AC58C6200DCCD56 /* OrtaApp.xcdatamodeld in Sources */ = {isa = PBXBuildFile; fileRef = 16C3BB352AC58C6200DCCD56 /* OrtaApp.xcdatamodeld */; };
		16C3BB392AC58C6400DCCD56 /* Assets.xcassets in Resources */ = {isa = PBXBuildFile; fileRef = 16C3BB382AC58C6400DCCD56 /* Assets.xcassets */; };
		16C3BB3C2AC58C6400DCCD56 /* LaunchScreen.storyboard in Resources */ = {isa = PBXBuildFile; fileRef = 16C3BB3A2AC58C6400DCCD56 /* LaunchScreen.storyboard */; };
/* End PBXBuildFile section */

/* Begin PBXFileReference section */
		16723ED82ACAB42200F76ED2 /* Inter-Medium.ttf */ = {isa = PBXFileReference; lastKnownFileType = file; path = "Inter-Medium.ttf"; sourceTree = "<group>"; };
		16723ED92ACAB42200F76ED2 /* Inter-Bold.ttf */ = {isa = PBXFileReference; lastKnownFileType = file; path = "Inter-Bold.ttf"; sourceTree = "<group>"; };
		16723EDA2ACAB42200F76ED2 /* Inter-Regular.ttf */ = {isa = PBXFileReference; lastKnownFileType = file; path = "Inter-Regular.ttf"; sourceTree = "<group>"; };
		16723EDB2ACAB42200F76ED2 /* Inter-SemiBold.ttf */ = {isa = PBXFileReference; lastKnownFileType = file; path = "Inter-SemiBold.ttf"; sourceTree = "<group>"; };
		16723EE02ACAB43E00F76ED2 /* AppFont.swift */ = {isa = PBXFileReference; lastKnownFileType = sourcecode.swift; path = AppFont.swift; sourceTree = "<group>"; };
		16723EE52ACAB72300F76ED2 /* AppColor.swift */ = {isa = PBXFileReference; lastKnownFileType = sourcecode.swift; path = AppColor.swift; sourceTree = "<group>"; };
		16723EEA2ACAB8DA00F76ED2 /* AuthorizationBlueHeaderView.swift */ = {isa = PBXFileReference; lastKnownFileType = sourcecode.swift; path = AuthorizationBlueHeaderView.swift; sourceTree = "<group>"; };
		16723EEC2ACABA6500F76ED2 /* Inter-ExtraBold.ttf */ = {isa = PBXFileReference; lastKnownFileType = file; path = "Inter-ExtraBold.ttf"; sourceTree = "<group>"; };
		16723EEF2ACACEA700F76ED2 /* CustomTextField.swift */ = {isa = PBXFileReference; lastKnownFileType = sourcecode.swift; path = CustomTextField.swift; sourceTree = "<group>"; };
		16723EF12ACAD21300F76ED2 /* AppImages.swift */ = {isa = PBXFileReference; lastKnownFileType = sourcecode.swift; path = AppImages.swift; sourceTree = "<group>"; };
		16723EF72ACBDA6200F76ED2 /* ChooseRoleViewController.swift */ = {isa = PBXFileReference; lastKnownFileType = sourcecode.swift; path = ChooseRoleViewController.swift; sourceTree = "<group>"; };
		16723EF92ACBDC2E00F76ED2 /* UserView.swift */ = {isa = PBXFileReference; lastKnownFileType = sourcecode.swift; path = UserView.swift; sourceTree = "<group>"; };
		16723EFC2ACBE8BE00F76ED2 /* OrganizationView.swift */ = {isa = PBXFileReference; lastKnownFileType = sourcecode.swift; path = OrganizationView.swift; sourceTree = "<group>"; };
		16723EFE2ACC060700F76ED2 /* RegistrationUserViewController.swift */ = {isa = PBXFileReference; lastKnownFileType = sourcecode.swift; path = RegistrationUserViewController.swift; sourceTree = "<group>"; };
		16723F022ACC6E3300F76ED2 /* RegistrationInfoModel.swift */ = {isa = PBXFileReference; lastKnownFileType = sourcecode.swift; path = RegistrationInfoModel.swift; sourceTree = "<group>"; };
		168CBB252AD69F3800F8E8EC /* RegistrationTextFieldType.swift */ = {isa = PBXFileReference; lastKnownFileType = sourcecode.swift; path = RegistrationTextFieldType.swift; sourceTree = "<group>"; };
		168CBB282AD6B20800F8E8EC /* TabBarController.swift */ = {isa = PBXFileReference; lastKnownFileType = sourcecode.swift; path = TabBarController.swift; sourceTree = "<group>"; };
		168CBB2A2AD6B2B900F8E8EC /* HomeMainViewController.swift */ = {isa = PBXFileReference; lastKnownFileType = sourcecode.swift; path = HomeMainViewController.swift; sourceTree = "<group>"; };
		168CBB2C2AD6B2E300F8E8EC /* SearchViewController.swift */ = {isa = PBXFileReference; lastKnownFileType = sourcecode.swift; path = SearchViewController.swift; sourceTree = "<group>"; };
		168CBB2E2AD6B30F00F8E8EC /* ChatsViewController.swift */ = {isa = PBXFileReference; lastKnownFileType = sourcecode.swift; path = ChatsViewController.swift; sourceTree = "<group>"; };
		168CBB302AD6B34700F8E8EC /* NotificationsViewController.swift */ = {isa = PBXFileReference; lastKnownFileType = sourcecode.swift; path = NotificationsViewController.swift; sourceTree = "<group>"; };
		168CBB322AD6B38500F8E8EC /* VacanciesViewController.swift */ = {isa = PBXFileReference; lastKnownFileType = sourcecode.swift; path = VacanciesViewController.swift; sourceTree = "<group>"; };
		168CBB342AD6B6B400F8E8EC /* TabBarItem.swift */ = {isa = PBXFileReference; lastKnownFileType = sourcecode.swift; path = TabBarItem.swift; sourceTree = "<group>"; };
		168CBB362AD6C41900F8E8EC /* CustomTabBar.swift */ = {isa = PBXFileReference; lastKnownFileType = sourcecode.swift; path = CustomTabBar.swift; sourceTree = "<group>"; };
		168FA4012ACD618E000741DE /* UserRegistrationTableViewCell.swift */ = {isa = PBXFileReference; lastKnownFileType = sourcecode.swift; path = UserRegistrationTableViewCell.swift; sourceTree = "<group>"; };
		168FA4062AD01F0C000741DE /* GifLoading.swift */ = {isa = PBXFileReference; lastKnownFileType = sourcecode.swift; path = GifLoading.swift; sourceTree = "<group>"; };
		168FA4092AD020CF000741DE /* DoubleRing.gif */ = {isa = PBXFileReference; lastKnownFileType = image.gif; path = DoubleRing.gif; sourceTree = "<group>"; };
		168FA40B2AD0216D000741DE /* ConfirmAccViewController.swift */ = {isa = PBXFileReference; lastKnownFileType = sourcecode.swift; path = ConfirmAccViewController.swift; sourceTree = "<group>"; };
		168FA40F2AD14C24000741DE /* RegistrationCompanyViewController.swift */ = {isa = PBXFileReference; lastKnownFileType = sourcecode.swift; path = RegistrationCompanyViewController.swift; sourceTree = "<group>"; };
		168FA4122AD14D64000741DE /* CompanyRegistrationTableViewCell.swift */ = {isa = PBXFileReference; lastKnownFileType = sourcecode.swift; path = CompanyRegistrationTableViewCell.swift; sourceTree = "<group>"; };
		16C3BB292AC58C6200DCCD56 /* OrtaApp.app */ = {isa = PBXFileReference; explicitFileType = wrapper.application; includeInIndex = 0; path = OrtaApp.app; sourceTree = BUILT_PRODUCTS_DIR; };
		16C3BB2C2AC58C6200DCCD56 /* AppDelegate.swift */ = {isa = PBXFileReference; lastKnownFileType = sourcecode.swift; path = AppDelegate.swift; sourceTree = "<group>"; };
		16C3BB2E2AC58C6200DCCD56 /* SceneDelegate.swift */ = {isa = PBXFileReference; lastKnownFileType = sourcecode.swift; path = SceneDelegate.swift; sourceTree = "<group>"; };
		16C3BB302AC58C6200DCCD56 /* AuthorizationViewController.swift */ = {isa = PBXFileReference; lastKnownFileType = sourcecode.swift; path = AuthorizationViewController.swift; sourceTree = "<group>"; };
		16C3BB362AC58C6200DCCD56 /* OrtaApp.xcdatamodel */ = {isa = PBXFileReference; lastKnownFileType = wrapper.xcdatamodel; path = OrtaApp.xcdatamodel; sourceTree = "<group>"; };
		16C3BB382AC58C6400DCCD56 /* Assets.xcassets */ = {isa = PBXFileReference; lastKnownFileType = folder.assetcatalog; path = Assets.xcassets; sourceTree = "<group>"; };
		16C3BB3B2AC58C6400DCCD56 /* Base */ = {isa = PBXFileReference; lastKnownFileType = file.storyboard; name = Base; path = Base.lproj/LaunchScreen.storyboard; sourceTree = "<group>"; };
		16C3BB3D2AC58C6400DCCD56 /* Info.plist */ = {isa = PBXFileReference; lastKnownFileType = text.plist.xml; path = Info.plist; sourceTree = "<group>"; };
/* End PBXFileReference section */

/* Begin PBXFrameworksBuildPhase section */
		16C3BB262AC58C6200DCCD56 /* Frameworks */ = {
			isa = PBXFrameworksBuildPhase;
			buildActionMask = 2147483647;
			files = (
				16723EE42ACAB6B400F76ED2 /* SnapKit in Frameworks */,
				168FA4052ACD74F8000741DE /* SkyFloatingLabelTextField in Frameworks */,
			);
			runOnlyForDeploymentPostprocessing = 0;
		};
/* End PBXFrameworksBuildPhase section */

/* Begin PBXGroup section */
		16723ED72ACAB42200F76ED2 /* Fonts */ = {
			isa = PBXGroup;
			children = (
				16723ED82ACAB42200F76ED2 /* Inter-Medium.ttf */,
				16723ED92ACAB42200F76ED2 /* Inter-Bold.ttf */,
				16723EDA2ACAB42200F76ED2 /* Inter-Regular.ttf */,
				16723EDB2ACAB42200F76ED2 /* Inter-SemiBold.ttf */,
				16723EEC2ACABA6500F76ED2 /* Inter-ExtraBold.ttf */,
			);
			path = Fonts;
			sourceTree = "<group>";
		};
		16723EE72ACAB80800F76ED2 /* Auth */ = {
			isa = PBXGroup;
			children = (
				16723EEE2ACACE7800F76ED2 /* Entering */,
				16723EFB2ACBE5A100F76ED2 /* ChooseRole */,
				16723F002ACC6DF900F76ED2 /* RegistrationUser */,
				168FA40E2AD14BFD000741DE /* RegistrationCompany */,
				168FA40D2AD12780000741DE /* AccessAcc */,
			);
			path = Auth;
			sourceTree = "<group>";
		};
		16723EE82ACAB84600F76ED2 /* Resources */ = {
			isa = PBXGroup;
			children = (
				168FA4082AD020B8000741DE /* Gifs */,
				16C3BB382AC58C6400DCCD56 /* Assets.xcassets */,
				16C3BB3A2AC58C6400DCCD56 /* LaunchScreen.storyboard */,
				16723ED72ACAB42200F76ED2 /* Fonts */,
				16723EE02ACAB43E00F76ED2 /* AppFont.swift */,
				16723EE52ACAB72300F76ED2 /* AppColor.swift */,
				16723EF12ACAD21300F76ED2 /* AppImages.swift */,
			);
			path = Resources;
			sourceTree = "<group>";
		};
		16723EE92ACAB85E00F76ED2 /* AppConstruts */ = {
			isa = PBXGroup;
			children = (
				16C3BB2C2AC58C6200DCCD56 /* AppDelegate.swift */,
				16C3BB2E2AC58C6200DCCD56 /* SceneDelegate.swift */,
			);
			path = AppConstruts;
			sourceTree = "<group>";
		};
		16723EEE2ACACE7800F76ED2 /* Entering */ = {
			isa = PBXGroup;
			children = (
				16C3BB302AC58C6200DCCD56 /* AuthorizationViewController.swift */,
				16723EEA2ACAB8DA00F76ED2 /* AuthorizationBlueHeaderView.swift */,
				16723EEF2ACACEA700F76ED2 /* CustomTextField.swift */,
			);
			path = Entering;
			sourceTree = "<group>";
		};
		16723EFB2ACBE5A100F76ED2 /* ChooseRole */ = {
			isa = PBXGroup;
			children = (
				16723EF72ACBDA6200F76ED2 /* ChooseRoleViewController.swift */,
				16723EF92ACBDC2E00F76ED2 /* UserView.swift */,
				16723EFC2ACBE8BE00F76ED2 /* OrganizationView.swift */,
			);
			path = ChooseRole;
			sourceTree = "<group>";
		};
		16723F002ACC6DF900F76ED2 /* RegistrationUser */ = {
			isa = PBXGroup;
			children = (
				16723F012ACC6E0800F76ED2 /* View */,
				16723F042ACC6E3B00F76ED2 /* Model */,
			);
			path = RegistrationUser;
			sourceTree = "<group>";
		};
		16723F012ACC6E0800F76ED2 /* View */ = {
			isa = PBXGroup;
			children = (
				16723EFE2ACC060700F76ED2 /* RegistrationUserViewController.swift */,
				168FA4012ACD618E000741DE /* UserRegistrationTableViewCell.swift */,
				168FA4062AD01F0C000741DE /* GifLoading.swift */,
			);
			path = View;
			sourceTree = "<group>";
		};
		16723F042ACC6E3B00F76ED2 /* Model */ = {
			isa = PBXGroup;
			children = (
				16723F022ACC6E3300F76ED2 /* RegistrationInfoModel.swift */,
				168CBB252AD69F3800F8E8EC /* RegistrationTextFieldType.swift */,
			);
			path = Model;
			sourceTree = "<group>";
		};
		168CBB272AD6B1AB00F8E8EC /* Main */ = {
			isa = PBXGroup;
			children = (
				168CBB282AD6B20800F8E8EC /* TabBarController.swift */,
				168CBB342AD6B6B400F8E8EC /* TabBarItem.swift */,
				168CBB362AD6C41900F8E8EC /* CustomTabBar.swift */,
				168CBB2A2AD6B2B900F8E8EC /* HomeMainViewController.swift */,
				168CBB2C2AD6B2E300F8E8EC /* SearchViewController.swift */,
				168CBB2E2AD6B30F00F8E8EC /* ChatsViewController.swift */,
				168CBB302AD6B34700F8E8EC /* NotificationsViewController.swift */,
				168CBB322AD6B38500F8E8EC /* VacanciesViewController.swift */,
			);
			path = Main;
			sourceTree = "<group>";
		};
		168FA4082AD020B8000741DE /* Gifs */ = {
			isa = PBXGroup;
			children = (
				168FA4092AD020CF000741DE /* DoubleRing.gif */,
			);
			path = Gifs;
			sourceTree = "<group>";
		};
		168FA40D2AD12780000741DE /* AccessAcc */ = {
			isa = PBXGroup;
			children = (
				168FA40B2AD0216D000741DE /* ConfirmAccViewController.swift */,
			);
			path = AccessAcc;
			sourceTree = "<group>";
		};
		168FA40E2AD14BFD000741DE /* RegistrationCompany */ = {
			isa = PBXGroup;
			children = (
				168FA4112AD14C31000741DE /* View */,
			);
			path = RegistrationCompany;
			sourceTree = "<group>";
		};
		168FA4112AD14C31000741DE /* View */ = {
			isa = PBXGroup;
			children = (
				168FA40F2AD14C24000741DE /* RegistrationCompanyViewController.swift */,
				168FA4122AD14D64000741DE /* CompanyRegistrationTableViewCell.swift */,
			);
			path = View;
			sourceTree = "<group>";
		};
		16C3BB202AC58C6200DCCD56 = {
			isa = PBXGroup;
			children = (
				16C3BB2B2AC58C6200DCCD56 /* OrtaApp */,
				16C3BB2A2AC58C6200DCCD56 /* Products */,
			);
			sourceTree = "<group>";
		};
		16C3BB2A2AC58C6200DCCD56 /* Products */ = {
			isa = PBXGroup;
			children = (
				16C3BB292AC58C6200DCCD56 /* OrtaApp.app */,
			);
			name = Products;
			sourceTree = "<group>";
		};
		16C3BB2B2AC58C6200DCCD56 /* OrtaApp */ = {
			isa = PBXGroup;
			children = (
				16723EE92ACAB85E00F76ED2 /* AppConstruts */,
				16723EE72ACAB80800F76ED2 /* Auth */,
				168CBB272AD6B1AB00F8E8EC /* Main */,
				16C3BB352AC58C6200DCCD56 /* OrtaApp.xcdatamodeld */,
				16723EE82ACAB84600F76ED2 /* Resources */,
				16C3BB3D2AC58C6400DCCD56 /* Info.plist */,
			);
			path = OrtaApp;
			sourceTree = "<group>";
		};
/* End PBXGroup section */

/* Begin PBXNativeTarget section */
		16C3BB282AC58C6200DCCD56 /* OrtaApp */ = {
			isa = PBXNativeTarget;
			buildConfigurationList = 16C3BB402AC58C6400DCCD56 /* Build configuration list for PBXNativeTarget "OrtaApp" */;
			buildPhases = (
				16C3BB252AC58C6200DCCD56 /* Sources */,
				16C3BB262AC58C6200DCCD56 /* Frameworks */,
				16C3BB272AC58C6200DCCD56 /* Resources */,
			);
			buildRules = (
			);
			dependencies = (
			);
			name = OrtaApp;
			packageProductDependencies = (
				16723EE32ACAB6B400F76ED2 /* SnapKit */,
				168FA4042ACD74F8000741DE /* SkyFloatingLabelTextField */,
			);
			productName = OrtaApp;
			productReference = 16C3BB292AC58C6200DCCD56 /* OrtaApp.app */;
			productType = "com.apple.product-type.application";
		};
/* End PBXNativeTarget section */

/* Begin PBXProject section */
		16C3BB212AC58C6200DCCD56 /* Project object */ = {
			isa = PBXProject;
			attributes = {
				BuildIndependentTargetsInParallel = 1;
				LastSwiftUpdateCheck = 1430;
				LastUpgradeCheck = 1430;
				TargetAttributes = {
					16C3BB282AC58C6200DCCD56 = {
						CreatedOnToolsVersion = 14.3.1;
					};
				};
			};
			buildConfigurationList = 16C3BB242AC58C6200DCCD56 /* Build configuration list for PBXProject "OrtaApp" */;
			compatibilityVersion = "Xcode 14.0";
			developmentRegion = en;
			hasScannedForEncodings = 0;
			knownRegions = (
				en,
				Base,
			);
			mainGroup = 16C3BB202AC58C6200DCCD56;
			packageReferences = (
				16723EE22ACAB6B400F76ED2 /* XCRemoteSwiftPackageReference "SnapKit" */,
				168FA4032ACD74F8000741DE /* XCRemoteSwiftPackageReference "SkyFloatingLabelTextField" */,
			);
			productRefGroup = 16C3BB2A2AC58C6200DCCD56 /* Products */;
			projectDirPath = "";
			projectRoot = "";
			targets = (
				16C3BB282AC58C6200DCCD56 /* OrtaApp */,
			);
		};
/* End PBXProject section */

/* Begin PBXResourcesBuildPhase section */
		16C3BB272AC58C6200DCCD56 /* Resources */ = {
			isa = PBXResourcesBuildPhase;
			buildActionMask = 2147483647;
			files = (
				16723EDF2ACAB42200F76ED2 /* Inter-SemiBold.ttf in Resources */,
				16C3BB3C2AC58C6400DCCD56 /* LaunchScreen.storyboard in Resources */,
				16723EDE2ACAB42200F76ED2 /* Inter-Regular.ttf in Resources */,
				16723EED2ACABA6500F76ED2 /* Inter-ExtraBold.ttf in Resources */,
				16C3BB392AC58C6400DCCD56 /* Assets.xcassets in Resources */,
				16723EDD2ACAB42200F76ED2 /* Inter-Bold.ttf in Resources */,
				16723EDC2ACAB42200F76ED2 /* Inter-Medium.ttf in Resources */,
				168FA40A2AD020CF000741DE /* DoubleRing.gif in Resources */,
			);
			runOnlyForDeploymentPostprocessing = 0;
		};
/* End PBXResourcesBuildPhase section */

/* Begin PBXSourcesBuildPhase section */
		16C3BB252AC58C6200DCCD56 /* Sources */ = {
			isa = PBXSourcesBuildPhase;
			buildActionMask = 2147483647;
			files = (
				168FA4132AD14D64000741DE /* CompanyRegistrationTableViewCell.swift in Sources */,
				16723EF02ACACEA700F76ED2 /* CustomTextField.swift in Sources */,
				168FA4102AD14C24000741DE /* RegistrationCompanyViewController.swift in Sources */,
				16723EF22ACAD21300F76ED2 /* AppImages.swift in Sources */,
				168CBB2B2AD6B2B900F8E8EC /* HomeMainViewController.swift in Sources */,
				168CBB312AD6B34700F8E8EC /* NotificationsViewController.swift in Sources */,
				16C3BB312AC58C6200DCCD56 /* AuthorizationViewController.swift in Sources */,
				16723EF82ACBDA6300F76ED2 /* ChooseRoleViewController.swift in Sources */,
				16723EE12ACAB43E00F76ED2 /* AppFont.swift in Sources */,
				16723EFF2ACC060700F76ED2 /* RegistrationUserViewController.swift in Sources */,
				16C3BB2D2AC58C6200DCCD56 /* AppDelegate.swift in Sources */,
				168FA4022ACD618E000741DE /* UserRegistrationTableViewCell.swift in Sources */,
				168FA40C2AD0216D000741DE /* ConfirmAccViewController.swift in Sources */,
				16C3BB2F2AC58C6200DCCD56 /* SceneDelegate.swift in Sources */,
				168CBB2D2AD6B2E300F8E8EC /* SearchViewController.swift in Sources */,
				16723EFD2ACBE8BE00F76ED2 /* OrganizationView.swift in Sources */,
				168CBB372AD6C41900F8E8EC /* CustomTabBar.swift in Sources */,
				16C3BB372AC58C6200DCCD56 /* OrtaApp.xcdatamodeld in Sources */,
				16723EFA2ACBDC2E00F76ED2 /* UserView.swift in Sources */,
				16723EE62ACAB72300F76ED2 /* AppColor.swift in Sources */,
				168CBB262AD69F3800F8E8EC /* RegistrationTextFieldType.swift in Sources */,
				168CBB332AD6B38500F8E8EC /* VacanciesViewController.swift in Sources */,
				168CBB352AD6B6B400F8E8EC /* TabBarItem.swift in Sources */,
				16723F032ACC6E3300F76ED2 /* RegistrationInfoModel.swift in Sources */,
				168CBB292AD6B20800F8E8EC /* TabBarController.swift in Sources */,
				16723EEB2ACAB8DA00F76ED2 /* AuthorizationBlueHeaderView.swift in Sources */,
				168CBB2F2AD6B30F00F8E8EC /* ChatsViewController.swift in Sources */,
				168FA4072AD01F0C000741DE /* GifLoading.swift in Sources */,
			);
			runOnlyForDeploymentPostprocessing = 0;
		};
/* End PBXSourcesBuildPhase section */

/* Begin PBXVariantGroup section */
		16C3BB3A2AC58C6400DCCD56 /* LaunchScreen.storyboard */ = {
			isa = PBXVariantGroup;
			children = (
				16C3BB3B2AC58C6400DCCD56 /* Base */,
			);
			name = LaunchScreen.storyboard;
			sourceTree = "<group>";
		};
/* End PBXVariantGroup section */

/* Begin XCBuildConfiguration section */
		16C3BB3E2AC58C6400DCCD56 /* Debug */ = {
			isa = XCBuildConfiguration;
			buildSettings = {
				ALWAYS_SEARCH_USER_PATHS = NO;
				CLANG_ANALYZER_NONNULL = YES;
				CLANG_ANALYZER_NUMBER_OBJECT_CONVERSION = YES_AGGRESSIVE;
				CLANG_CXX_LANGUAGE_STANDARD = "gnu++20";
				CLANG_ENABLE_MODULES = YES;
				CLANG_ENABLE_OBJC_ARC = YES;
				CLANG_ENABLE_OBJC_WEAK = YES;
				CLANG_WARN_BLOCK_CAPTURE_AUTORELEASING = YES;
				CLANG_WARN_BOOL_CONVERSION = YES;
				CLANG_WARN_COMMA = YES;
				CLANG_WARN_CONSTANT_CONVERSION = YES;
				CLANG_WARN_DEPRECATED_OBJC_IMPLEMENTATIONS = YES;
				CLANG_WARN_DIRECT_OBJC_ISA_USAGE = YES_ERROR;
				CLANG_WARN_DOCUMENTATION_COMMENTS = YES;
				CLANG_WARN_EMPTY_BODY = YES;
				CLANG_WARN_ENUM_CONVERSION = YES;
				CLANG_WARN_INFINITE_RECURSION = YES;
				CLANG_WARN_INT_CONVERSION = YES;
				CLANG_WARN_NON_LITERAL_NULL_CONVERSION = YES;
				CLANG_WARN_OBJC_IMPLICIT_RETAIN_SELF = YES;
				CLANG_WARN_OBJC_LITERAL_CONVERSION = YES;
				CLANG_WARN_OBJC_ROOT_CLASS = YES_ERROR;
				CLANG_WARN_QUOTED_INCLUDE_IN_FRAMEWORK_HEADER = YES;
				CLANG_WARN_RANGE_LOOP_ANALYSIS = YES;
				CLANG_WARN_STRICT_PROTOTYPES = YES;
				CLANG_WARN_SUSPICIOUS_MOVE = YES;
				CLANG_WARN_UNGUARDED_AVAILABILITY = YES_AGGRESSIVE;
				CLANG_WARN_UNREACHABLE_CODE = YES;
				CLANG_WARN__DUPLICATE_METHOD_MATCH = YES;
				COPY_PHASE_STRIP = NO;
				DEBUG_INFORMATION_FORMAT = dwarf;
				ENABLE_STRICT_OBJC_MSGSEND = YES;
				ENABLE_TESTABILITY = YES;
				GCC_C_LANGUAGE_STANDARD = gnu11;
				GCC_DYNAMIC_NO_PIC = NO;
				GCC_NO_COMMON_BLOCKS = YES;
				GCC_OPTIMIZATION_LEVEL = 0;
				GCC_PREPROCESSOR_DEFINITIONS = (
					"DEBUG=1",
					"$(inherited)",
				);
				GCC_WARN_64_TO_32_BIT_CONVERSION = YES;
				GCC_WARN_ABOUT_RETURN_TYPE = YES_ERROR;
				GCC_WARN_UNDECLARED_SELECTOR = YES;
				GCC_WARN_UNINITIALIZED_AUTOS = YES_AGGRESSIVE;
				GCC_WARN_UNUSED_FUNCTION = YES;
				GCC_WARN_UNUSED_VARIABLE = YES;
				IPHONEOS_DEPLOYMENT_TARGET = 16.4;
				MTL_ENABLE_DEBUG_INFO = INCLUDE_SOURCE;
				MTL_FAST_MATH = YES;
				ONLY_ACTIVE_ARCH = YES;
				SDKROOT = iphoneos;
				SWIFT_ACTIVE_COMPILATION_CONDITIONS = DEBUG;
				SWIFT_OPTIMIZATION_LEVEL = "-Onone";
			};
			name = Debug;
		};
		16C3BB3F2AC58C6400DCCD56 /* Release */ = {
			isa = XCBuildConfiguration;
			buildSettings = {
				ALWAYS_SEARCH_USER_PATHS = NO;
				CLANG_ANALYZER_NONNULL = YES;
				CLANG_ANALYZER_NUMBER_OBJECT_CONVERSION = YES_AGGRESSIVE;
				CLANG_CXX_LANGUAGE_STANDARD = "gnu++20";
				CLANG_ENABLE_MODULES = YES;
				CLANG_ENABLE_OBJC_ARC = YES;
				CLANG_ENABLE_OBJC_WEAK = YES;
				CLANG_WARN_BLOCK_CAPTURE_AUTORELEASING = YES;
				CLANG_WARN_BOOL_CONVERSION = YES;
				CLANG_WARN_COMMA = YES;
				CLANG_WARN_CONSTANT_CONVERSION = YES;
				CLANG_WARN_DEPRECATED_OBJC_IMPLEMENTATIONS = YES;
				CLANG_WARN_DIRECT_OBJC_ISA_USAGE = YES_ERROR;
				CLANG_WARN_DOCUMENTATION_COMMENTS = YES;
				CLANG_WARN_EMPTY_BODY = YES;
				CLANG_WARN_ENUM_CONVERSION = YES;
				CLANG_WARN_INFINITE_RECURSION = YES;
				CLANG_WARN_INT_CONVERSION = YES;
				CLANG_WARN_NON_LITERAL_NULL_CONVERSION = YES;
				CLANG_WARN_OBJC_IMPLICIT_RETAIN_SELF = YES;
				CLANG_WARN_OBJC_LITERAL_CONVERSION = YES;
				CLANG_WARN_OBJC_ROOT_CLASS = YES_ERROR;
				CLANG_WARN_QUOTED_INCLUDE_IN_FRAMEWORK_HEADER = YES;
				CLANG_WARN_RANGE_LOOP_ANALYSIS = YES;
				CLANG_WARN_STRICT_PROTOTYPES = YES;
				CLANG_WARN_SUSPICIOUS_MOVE = YES;
				CLANG_WARN_UNGUARDED_AVAILABILITY = YES_AGGRESSIVE;
				CLANG_WARN_UNREACHABLE_CODE = YES;
				CLANG_WARN__DUPLICATE_METHOD_MATCH = YES;
				COPY_PHASE_STRIP = NO;
				DEBUG_INFORMATION_FORMAT = "dwarf-with-dsym";
				ENABLE_NS_ASSERTIONS = NO;
				ENABLE_STRICT_OBJC_MSGSEND = YES;
				GCC_C_LANGUAGE_STANDARD = gnu11;
				GCC_NO_COMMON_BLOCKS = YES;
				GCC_WARN_64_TO_32_BIT_CONVERSION = YES;
				GCC_WARN_ABOUT_RETURN_TYPE = YES_ERROR;
				GCC_WARN_UNDECLARED_SELECTOR = YES;
				GCC_WARN_UNINITIALIZED_AUTOS = YES_AGGRESSIVE;
				GCC_WARN_UNUSED_FUNCTION = YES;
				GCC_WARN_UNUSED_VARIABLE = YES;
				IPHONEOS_DEPLOYMENT_TARGET = 16.4;
				MTL_ENABLE_DEBUG_INFO = NO;
				MTL_FAST_MATH = YES;
				SDKROOT = iphoneos;
				SWIFT_COMPILATION_MODE = wholemodule;
				SWIFT_OPTIMIZATION_LEVEL = "-O";
				VALIDATE_PRODUCT = YES;
			};
			name = Release;
		};
		16C3BB412AC58C6400DCCD56 /* Debug */ = {
			isa = XCBuildConfiguration;
			buildSettings = {
				ASSETCATALOG_COMPILER_APPICON_NAME = AppIcon;
				ASSETCATALOG_COMPILER_GLOBAL_ACCENT_COLOR_NAME = AccentColor;
				CODE_SIGN_STYLE = Automatic;
				CURRENT_PROJECT_VERSION = 1;
				DEVELOPMENT_TEAM = D3V9R8J9N8;
				GENERATE_INFOPLIST_FILE = YES;
				INFOPLIST_FILE = OrtaApp/Info.plist;
				"INFOPLIST_FILE[sdk=*]" = OrtaApp/Info.plist;
				INFOPLIST_KEY_UIApplicationSupportsIndirectInputEvents = YES;
				INFOPLIST_KEY_UILaunchStoryboardName = LaunchScreen;
				INFOPLIST_KEY_UISupportedInterfaceOrientations_iPad = "UIInterfaceOrientationPortrait UIInterfaceOrientationPortraitUpsideDown UIInterfaceOrientationLandscapeLeft UIInterfaceOrientationLandscapeRight";
				INFOPLIST_KEY_UISupportedInterfaceOrientations_iPhone = "UIInterfaceOrientationPortrait UIInterfaceOrientationLandscapeLeft UIInterfaceOrientationLandscapeRight";
				LD_RUNPATH_SEARCH_PATHS = (
					"$(inherited)",
					"@executable_path/Frameworks",
				);
				MARKETING_VERSION = 1.0;
				PRODUCT_BUNDLE_IDENTIFIER = com.saideshovalisher.OrtaApp;
				PRODUCT_NAME = "$(TARGET_NAME)";
				SWIFT_EMIT_LOC_STRINGS = YES;
				SWIFT_VERSION = 5.0;
				TARGETED_DEVICE_FAMILY = "1,2";
			};
			name = Debug;
		};
		16C3BB422AC58C6400DCCD56 /* Release */ = {
			isa = XCBuildConfiguration;
			buildSettings = {
				ASSETCATALOG_COMPILER_APPICON_NAME = AppIcon;
				ASSETCATALOG_COMPILER_GLOBAL_ACCENT_COLOR_NAME = AccentColor;
				CODE_SIGN_STYLE = Automatic;
				CURRENT_PROJECT_VERSION = 1;
				DEVELOPMENT_TEAM = D3V9R8J9N8;
				GENERATE_INFOPLIST_FILE = YES;
				INFOPLIST_FILE = OrtaApp/Info.plist;
				"INFOPLIST_FILE[sdk=*]" = OrtaApp/Info.plist;
				INFOPLIST_KEY_UIApplicationSupportsIndirectInputEvents = YES;
				INFOPLIST_KEY_UILaunchStoryboardName = LaunchScreen;
				INFOPLIST_KEY_UISupportedInterfaceOrientations_iPad = "UIInterfaceOrientationPortrait UIInterfaceOrientationPortraitUpsideDown UIInterfaceOrientationLandscapeLeft UIInterfaceOrientationLandscapeRight";
				INFOPLIST_KEY_UISupportedInterfaceOrientations_iPhone = "UIInterfaceOrientationPortrait UIInterfaceOrientationLandscapeLeft UIInterfaceOrientationLandscapeRight";
				LD_RUNPATH_SEARCH_PATHS = (
					"$(inherited)",
					"@executable_path/Frameworks",
				);
				MARKETING_VERSION = 1.0;
				PRODUCT_BUNDLE_IDENTIFIER = com.saideshovalisher.OrtaApp;
				PRODUCT_NAME = "$(TARGET_NAME)";
				SWIFT_EMIT_LOC_STRINGS = YES;
				SWIFT_VERSION = 5.0;
				TARGETED_DEVICE_FAMILY = "1,2";
			};
			name = Release;
		};
/* End XCBuildConfiguration section */

/* Begin XCConfigurationList section */
		16C3BB242AC58C6200DCCD56 /* Build configuration list for PBXProject "OrtaApp" */ = {
			isa = XCConfigurationList;
			buildConfigurations = (
				16C3BB3E2AC58C6400DCCD56 /* Debug */,
				16C3BB3F2AC58C6400DCCD56 /* Release */,
			);
			defaultConfigurationIsVisible = 0;
			defaultConfigurationName = Release;
		};
		16C3BB402AC58C6400DCCD56 /* Build configuration list for PBXNativeTarget "OrtaApp" */ = {
			isa = XCConfigurationList;
			buildConfigurations = (
				16C3BB412AC58C6400DCCD56 /* Debug */,
				16C3BB422AC58C6400DCCD56 /* Release */,
			);
			defaultConfigurationIsVisible = 0;
			defaultConfigurationName = Release;
		};
/* End XCConfigurationList section */

/* Begin XCRemoteSwiftPackageReference section */
		16723EE22ACAB6B400F76ED2 /* XCRemoteSwiftPackageReference "SnapKit" */ = {
			isa = XCRemoteSwiftPackageReference;
			repositoryURL = "https://github.com/SnapKit/SnapKit.git";
			requirement = {
				kind = upToNextMajorVersion;
				minimumVersion = 5.0.0;
			};
		};
		168FA4032ACD74F8000741DE /* XCRemoteSwiftPackageReference "SkyFloatingLabelTextField" */ = {
			isa = XCRemoteSwiftPackageReference;
			repositoryURL = "https://github.com/Skyscanner/SkyFloatingLabelTextField.git";
			requirement = {
				kind = upToNextMajorVersion;
				minimumVersion = 4.0.0;
			};
		};
/* End XCRemoteSwiftPackageReference section */

/* Begin XCSwiftPackageProductDependency section */
		16723EE32ACAB6B400F76ED2 /* SnapKit */ = {
			isa = XCSwiftPackageProductDependency;
			package = 16723EE22ACAB6B400F76ED2 /* XCRemoteSwiftPackageReference "SnapKit" */;
			productName = SnapKit;
		};
		168FA4042ACD74F8000741DE /* SkyFloatingLabelTextField */ = {
			isa = XCSwiftPackageProductDependency;
			package = 168FA4032ACD74F8000741DE /* XCRemoteSwiftPackageReference "SkyFloatingLabelTextField" */;
			productName = SkyFloatingLabelTextField;
		};
/* End XCSwiftPackageProductDependency section */

/* Begin XCVersionGroup section */
		16C3BB352AC58C6200DCCD56 /* OrtaApp.xcdatamodeld */ = {
			isa = XCVersionGroup;
			children = (
				16C3BB362AC58C6200DCCD56 /* OrtaApp.xcdatamodel */,
			);
			currentVersion = 16C3BB362AC58C6200DCCD56 /* OrtaApp.xcdatamodel */;
			path = OrtaApp.xcdatamodeld;
			sourceTree = "<group>";
			versionGroupType = wrapper.xcdatamodel;
		};
/* End XCVersionGroup section */
	};
	rootObject = 16C3BB212AC58C6200DCCD56 /* Project object */;
}
